
Microsoft Visual Studio Solution File, Format Version 11.00
# Visual Studio 2010
Project("{FAE04EC0-301F-11D3-BF4B-00C04F79EFBC}") = "evo-VR", "Assembly-CSharp.csproj", "{0C09E8C1-1F84-5B1C-3010-1674F1F7E27C}"
EndProject
Project("{FAE04EC0-301F-11D3-BF4B-00C04F79EFBC}") = "evo-VR", "Assembly-CSharp-Editor.csproj", "{ECC6605A-E515-9539-551B-91C3BB570B3C}"
EndProject
Global
	GlobalSection(SolutionConfigurationPlatforms) = preSolution
		Debug|Any CPU = Debug|Any CPU
		Release|Any CPU = Release|Any CPU
	EndGlobalSection
	GlobalSection(ProjectConfigurationPlatforms) = postSolution
		{0C09E8C1-1F84-5B1C-3010-1674F1F7E27C}.Debug|Any CPU.ActiveCfg = Debug|Any CPU
		{0C09E8C1-1F84-5B1C-3010-1674F1F7E27C}.Debug|Any CPU.Build.0 = Debug|Any CPU
		{0C09E8C1-1F84-5B1C-3010-1674F1F7E27C}.Release|Any CPU.ActiveCfg = Release|Any CPU
		{0C09E8C1-1F84-5B1C-3010-1674F1F7E27C}.Release|Any CPU.Build.0 = Release|Any CPU
		{ECC6605A-E515-9539-551B-91C3BB570B3C}.Debug|Any CPU.ActiveCfg = Debug|Any CPU
		{ECC6605A-E515-9539-551B-91C3BB570B3C}.Debug|Any CPU.Build.0 = Debug|Any CPU
		{ECC6605A-E515-9539-551B-91C3BB570B3C}.Release|Any CPU.ActiveCfg = Release|Any CPU
		{ECC6605A-E515-9539-551B-91C3BB570B3C}.Release|Any CPU.Build.0 = Release|Any CPU
	EndGlobalSection
	GlobalSection(SolutionProperties) = preSolution
		HideSolutionNode = FALSE
	EndGlobalSection
	GlobalSection(MonoDevelopProperties) = preSolution
		StartupItem = Assembly-CSharp.csproj
	EndGlobalSection
EndGlobal
