
Microsoft Visual Studio Solution File, Format Version 11.00
# Visual Studio 2010
Project("{FAE04EC0-301F-11D3-BF4B-00C04F79EFBC}") = "evovr-win", "Assembly-CSharp.csproj", "{53F8B55E-9365-AE89-8F65-6C4479EF7421}"
EndProject
Project("{FAE04EC0-301F-11D3-BF4B-00C04F79EFBC}") = "evovr-win", "Assembly-CSharp-Editor.csproj", "{B8CFF3AD-63FD-C621-DFEF-A7C5C369B7E8}"
EndProject
Global
	GlobalSection(SolutionConfigurationPlatforms) = preSolution
		Debug|Any CPU = Debug|Any CPU
		Release|Any CPU = Release|Any CPU
	EndGlobalSection
	GlobalSection(ProjectConfigurationPlatforms) = postSolution
		{53F8B55E-9365-AE89-8F65-6C4479EF7421}.Debug|Any CPU.ActiveCfg = Debug|Any CPU
		{53F8B55E-9365-AE89-8F65-6C4479EF7421}.Debug|Any CPU.Build.0 = Debug|Any CPU
		{53F8B55E-9365-AE89-8F65-6C4479EF7421}.Release|Any CPU.ActiveCfg = Release|Any CPU
		{53F8B55E-9365-AE89-8F65-6C4479EF7421}.Release|Any CPU.Build.0 = Release|Any CPU
		{B8CFF3AD-63FD-C621-DFEF-A7C5C369B7E8}.Debug|Any CPU.ActiveCfg = Debug|Any CPU
		{B8CFF3AD-63FD-C621-DFEF-A7C5C369B7E8}.Debug|Any CPU.Build.0 = Debug|Any CPU
		{B8CFF3AD-63FD-C621-DFEF-A7C5C369B7E8}.Release|Any CPU.ActiveCfg = Release|Any CPU
		{B8CFF3AD-63FD-C621-DFEF-A7C5C369B7E8}.Release|Any CPU.Build.0 = Release|Any CPU
	EndGlobalSection
	GlobalSection(SolutionProperties) = preSolution
		HideSolutionNode = FALSE
	EndGlobalSection
	GlobalSection(MonoDevelopProperties) = preSolution
		StartupItem = Assembly-CSharp.csproj
	EndGlobalSection
EndGlobal
